
Microsoft Visual Studio Solution File, Format Version 12.00
# Visual Studio Version 16
VisualStudioVersion = 16.0.33027.164
MinimumVisualStudioVersion = 10.0.40219.1
Project("{FAE04EC0-301F-11D3-BF4B-00C04F79EFBC}") = "l10z1", "l10z1\l10z1.csproj", "{CBF0531B-DAD4-465E-8565-B1FA6449C094}"
EndProject
Global
	GlobalSection(SolutionConfigurationPlatforms) = preSolution
		Debug|Any CPU = Debug|Any CPU
		Release|Any CPU = Release|Any CPU
	EndGlobalSection
	GlobalSection(ProjectConfigurationPlatforms) = postSolution
		{CBF0531B-DAD4-465E-8565-B1FA6449C094}.Debug|Any CPU.ActiveCfg = Debug|Any CPU
		{CBF0531B-DAD4-465E-8565-B1FA6449C094}.Debug|Any CPU.Build.0 = Debug|Any CPU
		{CBF0531B-DAD4-465E-8565-B1FA6449C094}.Release|Any CPU.ActiveCfg = Release|Any CPU
		{CBF0531B-DAD4-465E-8565-B1FA6449C094}.Release|Any CPU.Build.0 = Release|Any CPU
	EndGlobalSection
	GlobalSection(SolutionProperties) = preSolution
		HideSolutionNode = FALSE
	EndGlobalSection
	GlobalSection(ExtensibilityGlobals) = postSolution
		SolutionGuid = {CC4321D3-A319-4C52-8F5C-69F474FB4882}
	EndGlobalSection
EndGlobal
